// !$*UTF8*$!
{
	archiveVersion = 1;
	classes = {
	};
	objectVersion = 77;
	objects = {

/* Begin PBXBuildFile section */
		C3162DF92C8763570067CF04 /* KeychainSwift in Frameworks */ = {isa = PBXBuildFile; productRef = C3162DF82C8763570067CF04 /* KeychainSwift */; };
		C3162DFC2C87643C0067CF04 /* CryptoSwift in Frameworks */ = {isa = PBXBuildFile; productRef = C3162DFB2C87643C0067CF04 /* CryptoSwift */; };
		C3560CD82C9AADBA009C7EBA /* PostHog in Frameworks */ = {isa = PBXBuildFile; productRef = C3560CD72C9AADBA009C7EBA /* PostHog */; };
		C357E5D12C877376003F9943 /* MenuBarExtraAccess in Frameworks */ = {isa = PBXBuildFile; productRef = C357E5D02C877376003F9943 /* MenuBarExtraAccess */; };
		C38562332C8719CB00858D54 /* GRDB in Frameworks */ = {isa = PBXBuildFile; productRef = C38562322C8719CB00858D54 /* GRDB */; };
/* End PBXBuildFile section */

/* Begin PBXContainerItemProxy section */
		C325D0E62C85A9600049EFC8 /* PBXContainerItemProxy */ = {
			isa = PBXContainerItemProxy;
			containerPortal = C325D0CC2C85A95F0049EFC8 /* Project object */;
			proxyType = 1;
			remoteGlobalIDString = C325D0D32C85A95F0049EFC8;
			remoteInfo = There;
		};
		C325D0F02C85A9600049EFC8 /* PBXContainerItemProxy */ = {
			isa = PBXContainerItemProxy;
			containerPortal = C325D0CC2C85A95F0049EFC8 /* Project object */;
			proxyType = 1;
			remoteGlobalIDString = C325D0D32C85A95F0049EFC8;
			remoteInfo = There;
		};
/* End PBXContainerItemProxy section */

/* Begin PBXFileReference section */
		C325D0D42C85A95F0049EFC8 /* There.app */ = {isa = PBXFileReference; explicitFileType = wrapper.application; includeInIndex = 0; path = There.app; sourceTree = BUILT_PRODUCTS_DIR; };
		C325D0E52C85A9600049EFC8 /* ThereTests.xctest */ = {isa = PBXFileReference; explicitFileType = wrapper.cfbundle; includeInIndex = 0; path = ThereTests.xctest; sourceTree = BUILT_PRODUCTS_DIR; };
		C325D0EF2C85A9600049EFC8 /* ThereUITests.xctest */ = {isa = PBXFileReference; explicitFileType = wrapper.cfbundle; includeInIndex = 0; path = ThereUITests.xctest; sourceTree = BUILT_PRODUCTS_DIR; };
/* End PBXFileReference section */

/* Begin PBXFileSystemSynchronizedBuildFileExceptionSet section */
		C398A8592C89D62E00891388 /* Exceptions for "There" folder in "There" target */ = {
			isa = PBXFileSystemSynchronizedBuildFileExceptionSet;
			membershipExceptions = (
				"Views/CLAuthorizationStatus+Description.swift ",
			);
			target = C325D0D32C85A95F0049EFC8 /* There */;
		};
/* End PBXFileSystemSynchronizedBuildFileExceptionSet section */

/* Begin PBXFileSystemSynchronizedGroupBuildPhaseMembershipExceptionSet section */
		C398A85A2C89D62E00891388 /* Exceptions for "There" folder in "Compile Sources" phase from "There" target */ = {
			isa = PBXFileSystemSynchronizedGroupBuildPhaseMembershipExceptionSet;
			buildPhase = C325D0D02C85A95F0049EFC8 /* Sources */;
			membershipExceptions = (
				"Views/CLAuthorizationStatus+Description.swift ",
			);
		};
/* End PBXFileSystemSynchronizedGroupBuildPhaseMembershipExceptionSet section */

/* Begin PBXFileSystemSynchronizedRootGroup section */
		C325D0D62C85A95F0049EFC8 /* There */ = {
			isa = PBXFileSystemSynchronizedRootGroup;
			exceptions = (
				C398A8592C89D62E00891388 /* Exceptions for "There" folder in "There" target */,
				C398A85A2C89D62E00891388 /* Exceptions for "There" folder in "Compile Sources" phase from "There" target */,
			);
			path = There;
			sourceTree = "<group>";
		};
		C325D0E82C85A9600049EFC8 /* ThereTests */ = {
			isa = PBXFileSystemSynchronizedRootGroup;
			path = ThereTests;
			sourceTree = "<group>";
		};
		C325D0F22C85A9600049EFC8 /* ThereUITests */ = {
			isa = PBXFileSystemSynchronizedRootGroup;
			path = ThereUITests;
			sourceTree = "<group>";
		};
/* End PBXFileSystemSynchronizedRootGroup section */

/* Begin PBXFrameworksBuildPhase section */
		C325D0D12C85A95F0049EFC8 /* Frameworks */ = {
			isa = PBXFrameworksBuildPhase;
			buildActionMask = 2147483647;
			files = (
				C3162DF92C8763570067CF04 /* KeychainSwift in Frameworks */,
				C38562332C8719CB00858D54 /* GRDB in Frameworks */,
				C3560CD82C9AADBA009C7EBA /* PostHog in Frameworks */,
				C357E5D12C877376003F9943 /* MenuBarExtraAccess in Frameworks */,
				C3162DFC2C87643C0067CF04 /* CryptoSwift in Frameworks */,
			);
			runOnlyForDeploymentPostprocessing = 0;
		};
		C325D0E22C85A9600049EFC8 /* Frameworks */ = {
			isa = PBXFrameworksBuildPhase;
			buildActionMask = 2147483647;
			files = (
			);
			runOnlyForDeploymentPostprocessing = 0;
		};
		C325D0EC2C85A9600049EFC8 /* Frameworks */ = {
			isa = PBXFrameworksBuildPhase;
			buildActionMask = 2147483647;
			files = (
			);
			runOnlyForDeploymentPostprocessing = 0;
		};
/* End PBXFrameworksBuildPhase section */

/* Begin PBXGroup section */
		C325D0CB2C85A95F0049EFC8 = {
			isa = PBXGroup;
			children = (
				C325D0D62C85A95F0049EFC8 /* There */,
				C325D0E82C85A9600049EFC8 /* ThereTests */,
				C325D0F22C85A9600049EFC8 /* ThereUITests */,
				C3560CD62C9AADBA009C7EBA /* Frameworks */,
				C325D0D52C85A95F0049EFC8 /* Products */,
			);
			sourceTree = "<group>";
		};
		C325D0D52C85A95F0049EFC8 /* Products */ = {
			isa = PBXGroup;
			children = (
				C325D0D42C85A95F0049EFC8 /* There.app */,
				C325D0E52C85A9600049EFC8 /* ThereTests.xctest */,
				C325D0EF2C85A9600049EFC8 /* ThereUITests.xctest */,
			);
			name = Products;
			sourceTree = "<group>";
		};
		C3560CD62C9AADBA009C7EBA /* Frameworks */ = {
			isa = PBXGroup;
			children = (
			);
			name = Frameworks;
			sourceTree = "<group>";
		};
/* End PBXGroup section */

/* Begin PBXNativeTarget section */
		C325D0D32C85A95F0049EFC8 /* There */ = {
			isa = PBXNativeTarget;
			buildConfigurationList = C325D0F92C85A9600049EFC8 /* Build configuration list for PBXNativeTarget "There" */;
			buildPhases = (
				C325D0D02C85A95F0049EFC8 /* Sources */,
				C325D0D12C85A95F0049EFC8 /* Frameworks */,
				C325D0D22C85A95F0049EFC8 /* Resources */,
			);
			buildRules = (
			);
			dependencies = (
			);
			fileSystemSynchronizedGroups = (
				C325D0D62C85A95F0049EFC8 /* There */,
			);
			name = There;
			packageProductDependencies = (
				C38562322C8719CB00858D54 /* GRDB */,
				C3162DF82C8763570067CF04 /* KeychainSwift */,
				C3162DFB2C87643C0067CF04 /* CryptoSwift */,
				C357E5D02C877376003F9943 /* MenuBarExtraAccess */,
				C3560CD72C9AADBA009C7EBA /* PostHog */,
			);
			productName = There;
			productReference = C325D0D42C85A95F0049EFC8 /* There.app */;
			productType = "com.apple.product-type.application";
		};
		C325D0E42C85A9600049EFC8 /* ThereTests */ = {
			isa = PBXNativeTarget;
			buildConfigurationList = C325D0FC2C85A9600049EFC8 /* Build configuration list for PBXNativeTarget "ThereTests" */;
			buildPhases = (
				C325D0E12C85A9600049EFC8 /* Sources */,
				C325D0E22C85A9600049EFC8 /* Frameworks */,
				C325D0E32C85A9600049EFC8 /* Resources */,
			);
			buildRules = (
			);
			dependencies = (
				C325D0E72C85A9600049EFC8 /* PBXTargetDependency */,
			);
			fileSystemSynchronizedGroups = (
				C325D0E82C85A9600049EFC8 /* ThereTests */,
			);
			name = ThereTests;
			packageProductDependencies = (
			);
			productName = ThereTests;
			productReference = C325D0E52C85A9600049EFC8 /* ThereTests.xctest */;
			productType = "com.apple.product-type.bundle.unit-test";
		};
		C325D0EE2C85A9600049EFC8 /* ThereUITests */ = {
			isa = PBXNativeTarget;
			buildConfigurationList = C325D0FF2C85A9600049EFC8 /* Build configuration list for PBXNativeTarget "ThereUITests" */;
			buildPhases = (
				C325D0EB2C85A9600049EFC8 /* Sources */,
				C325D0EC2C85A9600049EFC8 /* Frameworks */,
				C325D0ED2C85A9600049EFC8 /* Resources */,
			);
			buildRules = (
			);
			dependencies = (
				C325D0F12C85A9600049EFC8 /* PBXTargetDependency */,
			);
			fileSystemSynchronizedGroups = (
				C325D0F22C85A9600049EFC8 /* ThereUITests */,
			);
			name = ThereUITests;
			packageProductDependencies = (
			);
			productName = ThereUITests;
			productReference = C325D0EF2C85A9600049EFC8 /* ThereUITests.xctest */;
			productType = "com.apple.product-type.bundle.ui-testing";
		};
/* End PBXNativeTarget section */

/* Begin PBXProject section */
		C325D0CC2C85A95F0049EFC8 /* Project object */ = {
			isa = PBXProject;
			attributes = {
				BuildIndependentTargetsInParallel = 1;
				LastSwiftUpdateCheck = 1610;
				LastUpgradeCheck = 1610;
				TargetAttributes = {
					C325D0D32C85A95F0049EFC8 = {
						CreatedOnToolsVersion = 16.1;
					};
					C325D0E42C85A9600049EFC8 = {
						CreatedOnToolsVersion = 16.1;
						TestTargetID = C325D0D32C85A95F0049EFC8;
					};
					C325D0EE2C85A9600049EFC8 = {
						CreatedOnToolsVersion = 16.1;
						TestTargetID = C325D0D32C85A95F0049EFC8;
					};
				};
			};
			buildConfigurationList = C325D0CF2C85A95F0049EFC8 /* Build configuration list for PBXProject "There" */;
			developmentRegion = en;
			hasScannedForEncodings = 0;
			knownRegions = (
				en,
				Base,
			);
			mainGroup = C325D0CB2C85A95F0049EFC8;
			minimizedProjectReferenceProxies = 1;
			packageReferences = (
				C38562312C8719CB00858D54 /* XCLocalSwiftPackageReference "../../Downloads/GRDB.swift-master" */,
				C3162DF72C8763570067CF04 /* XCLocalSwiftPackageReference "../../Downloads/keychain-swift-master" */,
				C3162DFA2C87643C0067CF04 /* XCLocalSwiftPackageReference "../../Downloads/CryptoSwift-main" */,
				C357E5CF2C877376003F9943 /* XCLocalSwiftPackageReference "../../Downloads/MenuBarExtraAccess-main" */,
				C3560CD32C9AACFB009C7EBA /* XCLocalSwiftPackageReference "../../Downloads/posthog-ios-main" */,
			);
			preferredProjectObjectVersion = 77;
			productRefGroup = C325D0D52C85A95F0049EFC8 /* Products */;
			projectDirPath = "";
			projectRoot = "";
			targets = (
				C325D0D32C85A95F0049EFC8 /* There */,
				C325D0E42C85A9600049EFC8 /* ThereTests */,
				C325D0EE2C85A9600049EFC8 /* ThereUITests */,
			);
		};
/* End PBXProject section */

/* Begin PBXResourcesBuildPhase section */
		C325D0D22C85A95F0049EFC8 /* Resources */ = {
			isa = PBXResourcesBuildPhase;
			buildActionMask = 2147483647;
			files = (
			);
			runOnlyForDeploymentPostprocessing = 0;
		};
		C325D0E32C85A9600049EFC8 /* Resources */ = {
			isa = PBXResourcesBuildPhase;
			buildActionMask = 2147483647;
			files = (
			);
			runOnlyForDeploymentPostprocessing = 0;
		};
		C325D0ED2C85A9600049EFC8 /* Resources */ = {
			isa = PBXResourcesBuildPhase;
			buildActionMask = 2147483647;
			files = (
			);
			runOnlyForDeploymentPostprocessing = 0;
		};
/* End PBXResourcesBuildPhase section */

/* Begin PBXSourcesBuildPhase section */
		C325D0D02C85A95F0049EFC8 /* Sources */ = {
			isa = PBXSourcesBuildPhase;
			buildActionMask = 2147483647;
			files = (
			);
			runOnlyForDeploymentPostprocessing = 0;
		};
		C325D0E12C85A9600049EFC8 /* Sources */ = {
			isa = PBXSourcesBuildPhase;
			buildActionMask = 2147483647;
			files = (
			);
			runOnlyForDeploymentPostprocessing = 0;
		};
		C325D0EB2C85A9600049EFC8 /* Sources */ = {
			isa = PBXSourcesBuildPhase;
			buildActionMask = 2147483647;
			files = (
			);
			runOnlyForDeploymentPostprocessing = 0;
		};
/* End PBXSourcesBuildPhase section */

/* Begin PBXTargetDependency section */
		C325D0E72C85A9600049EFC8 /* PBXTargetDependency */ = {
			isa = PBXTargetDependency;
			target = C325D0D32C85A95F0049EFC8 /* There */;
			targetProxy = C325D0E62C85A9600049EFC8 /* PBXContainerItemProxy */;
		};
		C325D0F12C85A9600049EFC8 /* PBXTargetDependency */ = {
			isa = PBXTargetDependency;
			target = C325D0D32C85A95F0049EFC8 /* There */;
			targetProxy = C325D0F02C85A9600049EFC8 /* PBXContainerItemProxy */;
		};
/* End PBXTargetDependency section */

/* Begin XCBuildConfiguration section */
		C325D0F72C85A9600049EFC8 /* Debug */ = {
			isa = XCBuildConfiguration;
			buildSettings = {
				ALWAYS_SEARCH_USER_PATHS = NO;
				ASSETCATALOG_COMPILER_GENERATE_SWIFT_ASSET_SYMBOL_EXTENSIONS = YES;
				CLANG_ANALYZER_NONNULL = YES;
				CLANG_ANALYZER_NUMBER_OBJECT_CONVERSION = YES_AGGRESSIVE;
				CLANG_CXX_LANGUAGE_STANDARD = "gnu++20";
				CLANG_ENABLE_MODULES = YES;
				CLANG_ENABLE_OBJC_ARC = YES;
				CLANG_ENABLE_OBJC_WEAK = YES;
				CLANG_WARN_BLOCK_CAPTURE_AUTORELEASING = YES;
				CLANG_WARN_BOOL_CONVERSION = YES;
				CLANG_WARN_COMMA = YES;
				CLANG_WARN_CONSTANT_CONVERSION = YES;
				CLANG_WARN_DEPRECATED_OBJC_IMPLEMENTATIONS = YES;
				CLANG_WARN_DIRECT_OBJC_ISA_USAGE = YES_ERROR;
				CLANG_WARN_DOCUMENTATION_COMMENTS = YES;
				CLANG_WARN_EMPTY_BODY = YES;
				CLANG_WARN_ENUM_CONVERSION = YES;
				CLANG_WARN_INFINITE_RECURSION = YES;
				CLANG_WARN_INT_CONVERSION = YES;
				CLANG_WARN_NON_LITERAL_NULL_CONVERSION = YES;
				CLANG_WARN_OBJC_IMPLICIT_RETAIN_SELF = YES;
				CLANG_WARN_OBJC_LITERAL_CONVERSION = YES;
				CLANG_WARN_OBJC_ROOT_CLASS = YES_ERROR;
				CLANG_WARN_QUOTED_INCLUDE_IN_FRAMEWORK_HEADER = YES;
				CLANG_WARN_RANGE_LOOP_ANALYSIS = YES;
				CLANG_WARN_STRICT_PROTOTYPES = YES;
				CLANG_WARN_SUSPICIOUS_MOVE = YES;
				CLANG_WARN_UNGUARDED_AVAILABILITY = YES_AGGRESSIVE;
				CLANG_WARN_UNREACHABLE_CODE = YES;
				CLANG_WARN__DUPLICATE_METHOD_MATCH = YES;
				COPY_PHASE_STRIP = NO;
				DEBUG_INFORMATION_FORMAT = dwarf;
				ENABLE_STRICT_OBJC_MSGSEND = YES;
				ENABLE_TESTABILITY = YES;
				ENABLE_USER_SCRIPT_SANDBOXING = YES;
				GCC_C_LANGUAGE_STANDARD = gnu17;
				GCC_DYNAMIC_NO_PIC = NO;
				GCC_NO_COMMON_BLOCKS = YES;
				GCC_OPTIMIZATION_LEVEL = 0;
				GCC_PREPROCESSOR_DEFINITIONS = (
					"DEBUG=1",
					"$(inherited)",
				);
				GCC_WARN_64_TO_32_BIT_CONVERSION = YES;
				GCC_WARN_ABOUT_RETURN_TYPE = YES_ERROR;
				GCC_WARN_UNDECLARED_SELECTOR = YES;
				GCC_WARN_UNINITIALIZED_AUTOS = YES_AGGRESSIVE;
				GCC_WARN_UNUSED_FUNCTION = YES;
				GCC_WARN_UNUSED_VARIABLE = YES;
				LOCALIZATION_PREFERS_STRING_CATALOGS = YES;
				MTL_ENABLE_DEBUG_INFO = INCLUDE_SOURCE;
				MTL_FAST_MATH = YES;
				ONLY_ACTIVE_ARCH = YES;
				SWIFT_ACTIVE_COMPILATION_CONDITIONS = "DEBUG $(inherited)";
				SWIFT_OPTIMIZATION_LEVEL = "-Onone";
			};
			name = Debug;
		};
		C325D0F82C85A9600049EFC8 /* Release */ = {
			isa = XCBuildConfiguration;
			buildSettings = {
				ALWAYS_SEARCH_USER_PATHS = NO;
				ASSETCATALOG_COMPILER_GENERATE_SWIFT_ASSET_SYMBOL_EXTENSIONS = YES;
				CLANG_ANALYZER_NONNULL = YES;
				CLANG_ANALYZER_NUMBER_OBJECT_CONVERSION = YES_AGGRESSIVE;
				CLANG_CXX_LANGUAGE_STANDARD = "gnu++20";
				CLANG_ENABLE_MODULES = YES;
				CLANG_ENABLE_OBJC_ARC = YES;
				CLANG_ENABLE_OBJC_WEAK = YES;
				CLANG_WARN_BLOCK_CAPTURE_AUTORELEASING = YES;
				CLANG_WARN_BOOL_CONVERSION = YES;
				CLANG_WARN_COMMA = YES;
				CLANG_WARN_CONSTANT_CONVERSION = YES;
				CLANG_WARN_DEPRECATED_OBJC_IMPLEMENTATIONS = YES;
				CLANG_WARN_DIRECT_OBJC_ISA_USAGE = YES_ERROR;
				CLANG_WARN_DOCUMENTATION_COMMENTS = YES;
				CLANG_WARN_EMPTY_BODY = YES;
				CLANG_WARN_ENUM_CONVERSION = YES;
				CLANG_WARN_INFINITE_RECURSION = YES;
				CLANG_WARN_INT_CONVERSION = YES;
				CLANG_WARN_NON_LITERAL_NULL_CONVERSION = YES;
				CLANG_WARN_OBJC_IMPLICIT_RETAIN_SELF = YES;
				CLANG_WARN_OBJC_LITERAL_CONVERSION = YES;
				CLANG_WARN_OBJC_ROOT_CLASS = YES_ERROR;
				CLANG_WARN_QUOTED_INCLUDE_IN_FRAMEWORK_HEADER = YES;
				CLANG_WARN_RANGE_LOOP_ANALYSIS = YES;
				CLANG_WARN_STRICT_PROTOTYPES = YES;
				CLANG_WARN_SUSPICIOUS_MOVE = YES;
				CLANG_WARN_UNGUARDED_AVAILABILITY = YES_AGGRESSIVE;
				CLANG_WARN_UNREACHABLE_CODE = YES;
				CLANG_WARN__DUPLICATE_METHOD_MATCH = YES;
				COPY_PHASE_STRIP = NO;
				DEBUG_INFORMATION_FORMAT = "dwarf-with-dsym";
				ENABLE_NS_ASSERTIONS = NO;
				ENABLE_STRICT_OBJC_MSGSEND = YES;
				ENABLE_USER_SCRIPT_SANDBOXING = YES;
				GCC_C_LANGUAGE_STANDARD = gnu17;
				GCC_NO_COMMON_BLOCKS = YES;
				GCC_WARN_64_TO_32_BIT_CONVERSION = YES;
				GCC_WARN_ABOUT_RETURN_TYPE = YES_ERROR;
				GCC_WARN_UNDECLARED_SELECTOR = YES;
				GCC_WARN_UNINITIALIZED_AUTOS = YES_AGGRESSIVE;
				GCC_WARN_UNUSED_FUNCTION = YES;
				GCC_WARN_UNUSED_VARIABLE = YES;
				LOCALIZATION_PREFERS_STRING_CATALOGS = YES;
				MTL_ENABLE_DEBUG_INFO = NO;
				MTL_FAST_MATH = YES;
				SWIFT_COMPILATION_MODE = wholemodule;
			};
			name = Release;
		};
		C325D0FA2C85A9600049EFC8 /* Debug */ = {
			isa = XCBuildConfiguration;
			buildSettings = {
				ASSETCATALOG_COMPILER_APPICON_NAME = AppIcon;
				ASSETCATALOG_COMPILER_GLOBAL_ACCENT_COLOR_NAME = AccentColor;
				ASSETCATALOG_COMPILER_INCLUDE_ALL_APPICON_ASSETS = YES;
				CODE_SIGN_ENTITLEMENTS = There/There.entitlements;
				CODE_SIGN_STYLE = Automatic;
				CURRENT_PROJECT_VERSION = 1;
				DEVELOPMENT_ASSET_PATHS = "\"There/Preview Content\"";
				DEVELOPMENT_TEAM = 2487AN8AL4;
				ENABLE_HARDENED_RUNTIME = YES;
				ENABLE_PREVIEWS = YES;
				GENERATE_INFOPLIST_FILE = YES;
				INFOPLIST_KEY_CFBundleDisplayName = There;
				INFOPLIST_KEY_LSApplicationCategoryType = "public.app-category.business";
				INFOPLIST_KEY_LSUIElement = YES;
				INFOPLIST_KEY_NSLocationWhenInUseUsageDescription = "The app needs access to your location to provide location-based services";
				"INFOPLIST_KEY_UIApplicationSceneManifest_Generation[sdk=iphoneos*]" = YES;
				"INFOPLIST_KEY_UIApplicationSceneManifest_Generation[sdk=iphonesimulator*]" = YES;
				"INFOPLIST_KEY_UIApplicationSupportsIndirectInputEvents[sdk=iphoneos*]" = YES;
				"INFOPLIST_KEY_UIApplicationSupportsIndirectInputEvents[sdk=iphonesimulator*]" = YES;
				"INFOPLIST_KEY_UILaunchScreen_Generation[sdk=iphoneos*]" = YES;
				"INFOPLIST_KEY_UILaunchScreen_Generation[sdk=iphonesimulator*]" = YES;
				"INFOPLIST_KEY_UIStatusBarStyle[sdk=iphoneos*]" = UIStatusBarStyleDefault;
				"INFOPLIST_KEY_UIStatusBarStyle[sdk=iphonesimulator*]" = UIStatusBarStyleDefault;
				INFOPLIST_KEY_UISupportedInterfaceOrientations_iPad = "UIInterfaceOrientationPortrait UIInterfaceOrientationPortraitUpsideDown UIInterfaceOrientationLandscapeLeft UIInterfaceOrientationLandscapeRight";
				INFOPLIST_KEY_UISupportedInterfaceOrientations_iPhone = "UIInterfaceOrientationPortrait UIInterfaceOrientationLandscapeLeft UIInterfaceOrientationLandscapeRight";
				IPHONEOS_DEPLOYMENT_TARGET = 18.1;
				LD_RUNPATH_SEARCH_PATHS = "@executable_path/Frameworks";
				"LD_RUNPATH_SEARCH_PATHS[sdk=macosx*]" = "@executable_path/../Frameworks";
				MACOSX_DEPLOYMENT_TARGET = 13.5;
				MARKETING_VERSION = 1.0;
				PRODUCT_BUNDLE_IDENTIFIER = pm.there.There;
				PRODUCT_NAME = "$(TARGET_NAME)";
				SDKROOT = auto;
				SUPPORTED_PLATFORMS = "macosx xros xrsimulator";
				SUPPORTS_MACCATALYST = NO;
				SWIFT_EMIT_LOC_STRINGS = YES;
				SWIFT_VERSION = 5.0;
				TARGETED_DEVICE_FAMILY = 7;
				XROS_DEPLOYMENT_TARGET = 2.0;
			};
			name = Debug;
		};
		C325D0FB2C85A9600049EFC8 /* Release */ = {
			isa = XCBuildConfiguration;
			buildSettings = {
				ASSETCATALOG_COMPILER_APPICON_NAME = AppIcon;
				ASSETCATALOG_COMPILER_GLOBAL_ACCENT_COLOR_NAME = AccentColor;
				ASSETCATALOG_COMPILER_INCLUDE_ALL_APPICON_ASSETS = YES;
				CODE_SIGN_ENTITLEMENTS = There/There.entitlements;
				CODE_SIGN_STYLE = Automatic;
				CURRENT_PROJECT_VERSION = 1;
				DEVELOPMENT_ASSET_PATHS = "\"There/Preview Content\"";
				DEVELOPMENT_TEAM = 2487AN8AL4;
				ENABLE_HARDENED_RUNTIME = YES;
				ENABLE_PREVIEWS = YES;
				GENERATE_INFOPLIST_FILE = YES;
				INFOPLIST_KEY_CFBundleDisplayName = There;
				INFOPLIST_KEY_LSApplicationCategoryType = "public.app-category.business";
				INFOPLIST_KEY_LSUIElement = YES;
				INFOPLIST_KEY_NSLocationWhenInUseUsageDescription = "The app needs access to your location to provide location-based services";
				"INFOPLIST_KEY_UIApplicationSceneManifest_Generation[sdk=iphoneos*]" = YES;
				"INFOPLIST_KEY_UIApplicationSceneManifest_Generation[sdk=iphonesimulator*]" = YES;
				"INFOPLIST_KEY_UIApplicationSupportsIndirectInputEvents[sdk=iphoneos*]" = YES;
				"INFOPLIST_KEY_UIApplicationSupportsIndirectInputEvents[sdk=iphonesimulator*]" = YES;
				"INFOPLIST_KEY_UILaunchScreen_Generation[sdk=iphoneos*]" = YES;
				"INFOPLIST_KEY_UILaunchScreen_Generation[sdk=iphonesimulator*]" = YES;
				"INFOPLIST_KEY_UIStatusBarStyle[sdk=iphoneos*]" = UIStatusBarStyleDefault;
				"INFOPLIST_KEY_UIStatusBarStyle[sdk=iphonesimulator*]" = UIStatusBarStyleDefault;
				INFOPLIST_KEY_UISupportedInterfaceOrientations_iPad = "UIInterfaceOrientationPortrait UIInterfaceOrientationPortraitUpsideDown UIInterfaceOrientationLandscapeLeft UIInterfaceOrientationLandscapeRight";
				INFOPLIST_KEY_UISupportedInterfaceOrientations_iPhone = "UIInterfaceOrientationPortrait UIInterfaceOrientationLandscapeLeft UIInterfaceOrientationLandscapeRight";
				IPHONEOS_DEPLOYMENT_TARGET = 18.1;
				LD_RUNPATH_SEARCH_PATHS = "@executable_path/Frameworks";
				"LD_RUNPATH_SEARCH_PATHS[sdk=macosx*]" = "@executable_path/../Frameworks";
				MACOSX_DEPLOYMENT_TARGET = 13.5;
				MARKETING_VERSION = 1.0;
				PRODUCT_BUNDLE_IDENTIFIER = pm.there.There;
				PRODUCT_NAME = "$(TARGET_NAME)";
				SDKROOT = auto;
				SUPPORTED_PLATFORMS = "macosx xros xrsimulator";
				SUPPORTS_MACCATALYST = NO;
				SWIFT_EMIT_LOC_STRINGS = YES;
				SWIFT_VERSION = 5.0;
				TARGETED_DEVICE_FAMILY = 7;
				XROS_DEPLOYMENT_TARGET = 2.0;
			};
			name = Release;
		};
		C325D0FD2C85A9600049EFC8 /* Debug */ = {
			isa = XCBuildConfiguration;
			buildSettings = {
				BUNDLE_LOADER = "$(TEST_HOST)";
				CODE_SIGN_STYLE = Automatic;
				CURRENT_PROJECT_VERSION = 1;
				DEVELOPMENT_TEAM = 2487AN8AL4;
				GENERATE_INFOPLIST_FILE = YES;
				IPHONEOS_DEPLOYMENT_TARGET = 18.1;
				MACOSX_DEPLOYMENT_TARGET = 14;
				MARKETING_VERSION = 1.0;
				PRODUCT_BUNDLE_IDENTIFIER = pm.there.ThereTests;
				PRODUCT_NAME = "$(TARGET_NAME)";
				SDKROOT = auto;
				SUPPORTED_PLATFORMS = "iphoneos iphonesimulator macosx xros xrsimulator";
				SWIFT_EMIT_LOC_STRINGS = NO;
				SWIFT_VERSION = 5.0;
				TARGETED_DEVICE_FAMILY = "1,2,7";
				TEST_HOST = "$(BUILT_PRODUCTS_DIR)/There.app/$(BUNDLE_EXECUTABLE_FOLDER_PATH)/There";
				XROS_DEPLOYMENT_TARGET = 2.0;
			};
			name = Debug;
		};
		C325D0FE2C85A9600049EFC8 /* Release */ = {
			isa = XCBuildConfiguration;
			buildSettings = {
				BUNDLE_LOADER = "$(TEST_HOST)";
				CODE_SIGN_STYLE = Automatic;
				CURRENT_PROJECT_VERSION = 1;
				DEVELOPMENT_TEAM = 2487AN8AL4;
				GENERATE_INFOPLIST_FILE = YES;
				IPHONEOS_DEPLOYMENT_TARGET = 18.1;
				MACOSX_DEPLOYMENT_TARGET = 14;
				MARKETING_VERSION = 1.0;
				PRODUCT_BUNDLE_IDENTIFIER = pm.there.ThereTests;
				PRODUCT_NAME = "$(TARGET_NAME)";
				SDKROOT = auto;
				SUPPORTED_PLATFORMS = "iphoneos iphonesimulator macosx xros xrsimulator";
				SWIFT_EMIT_LOC_STRINGS = NO;
				SWIFT_VERSION = 5.0;
				TARGETED_DEVICE_FAMILY = "1,2,7";
				TEST_HOST = "$(BUILT_PRODUCTS_DIR)/There.app/$(BUNDLE_EXECUTABLE_FOLDER_PATH)/There";
				XROS_DEPLOYMENT_TARGET = 2.0;
			};
			name = Release;
		};
		C325D1002C85A9600049EFC8 /* Debug */ = {
			isa = XCBuildConfiguration;
			buildSettings = {
				CODE_SIGN_STYLE = Automatic;
				CURRENT_PROJECT_VERSION = 1;
				DEVELOPMENT_TEAM = 2487AN8AL4;
				GENERATE_INFOPLIST_FILE = YES;
				IPHONEOS_DEPLOYMENT_TARGET = 18.1;
				MACOSX_DEPLOYMENT_TARGET = 14;
				MARKETING_VERSION = 1.0;
				PRODUCT_BUNDLE_IDENTIFIER = pm.there.ThereUITests;
				PRODUCT_NAME = "$(TARGET_NAME)";
				SDKROOT = auto;
				SUPPORTED_PLATFORMS = "iphoneos iphonesimulator macosx xros xrsimulator";
				SWIFT_EMIT_LOC_STRINGS = NO;
				SWIFT_VERSION = 5.0;
				TARGETED_DEVICE_FAMILY = "1,2,7";
				TEST_TARGET_NAME = There;
				XROS_DEPLOYMENT_TARGET = 2.0;
			};
			name = Debug;
		};
		C325D1012C85A9600049EFC8 /* Release */ = {
			isa = XCBuildConfiguration;
			buildSettings = {
				CODE_SIGN_STYLE = Automatic;
				CURRENT_PROJECT_VERSION = 1;
				DEVELOPMENT_TEAM = 2487AN8AL4;
				GENERATE_INFOPLIST_FILE = YES;
				IPHONEOS_DEPLOYMENT_TARGET = 18.1;
				MACOSX_DEPLOYMENT_TARGET = 14;
				MARKETING_VERSION = 1.0;
				PRODUCT_BUNDLE_IDENTIFIER = pm.there.ThereUITests;
				PRODUCT_NAME = "$(TARGET_NAME)";
				SDKROOT = auto;
				SUPPORTED_PLATFORMS = "iphoneos iphonesimulator macosx xros xrsimulator";
				SWIFT_EMIT_LOC_STRINGS = NO;
				SWIFT_VERSION = 5.0;
				TARGETED_DEVICE_FAMILY = "1,2,7";
				TEST_TARGET_NAME = There;
				XROS_DEPLOYMENT_TARGET = 2.0;
			};
			name = Release;
		};
/* End XCBuildConfiguration section */

/* Begin XCConfigurationList section */
		C325D0CF2C85A95F0049EFC8 /* Build configuration list for PBXProject "There" */ = {
			isa = XCConfigurationList;
			buildConfigurations = (
				C325D0F72C85A9600049EFC8 /* Debug */,
				C325D0F82C85A9600049EFC8 /* Release */,
			);
			defaultConfigurationIsVisible = 0;
			defaultConfigurationName = Release;
		};
		C325D0F92C85A9600049EFC8 /* Build configuration list for PBXNativeTarget "There" */ = {
			isa = XCConfigurationList;
			buildConfigurations = (
				C325D0FA2C85A9600049EFC8 /* Debug */,
				C325D0FB2C85A9600049EFC8 /* Release */,
			);
			defaultConfigurationIsVisible = 0;
			defaultConfigurationName = Release;
		};
		C325D0FC2C85A9600049EFC8 /* Build configuration list for PBXNativeTarget "ThereTests" */ = {
			isa = XCConfigurationList;
			buildConfigurations = (
				C325D0FD2C85A9600049EFC8 /* Debug */,
				C325D0FE2C85A9600049EFC8 /* Release */,
			);
			defaultConfigurationIsVisible = 0;
			defaultConfigurationName = Release;
		};
		C325D0FF2C85A9600049EFC8 /* Build configuration list for PBXNativeTarget "ThereUITests" */ = {
			isa = XCConfigurationList;
			buildConfigurations = (
				C325D1002C85A9600049EFC8 /* Debug */,
				C325D1012C85A9600049EFC8 /* Release */,
			);
			defaultConfigurationIsVisible = 0;
			defaultConfigurationName = Release;
		};
/* End XCConfigurationList section */

/* Begin XCLocalSwiftPackageReference section */
		C3162DF72C8763570067CF04 /* XCLocalSwiftPackageReference "../../Downloads/keychain-swift-master" */ = {
			isa = XCLocalSwiftPackageReference;
			relativePath = "../../Downloads/keychain-swift-master";
		};
		C3162DFA2C87643C0067CF04 /* XCLocalSwiftPackageReference "../../Downloads/CryptoSwift-main" */ = {
			isa = XCLocalSwiftPackageReference;
			relativePath = "../../Downloads/CryptoSwift-main";
		};
		C3560CD32C9AACFB009C7EBA /* XCLocalSwiftPackageReference "../../Downloads/posthog-ios-main" */ = {
			isa = XCLocalSwiftPackageReference;
			relativePath = "../../Downloads/posthog-ios-main";
		};
		C357E5CF2C877376003F9943 /* XCLocalSwiftPackageReference "../../Downloads/MenuBarExtraAccess-main" */ = {
			isa = XCLocalSwiftPackageReference;
			relativePath = "../../Downloads/MenuBarExtraAccess-main";
		};
		C38562312C8719CB00858D54 /* XCLocalSwiftPackageReference "../../Downloads/GRDB.swift-master" */ = {
			isa = XCLocalSwiftPackageReference;
			relativePath = "../../Downloads/GRDB.swift-master";
		};
/* End XCLocalSwiftPackageReference section */

/* Begin XCSwiftPackageProductDependency section */
		C3162DF82C8763570067CF04 /* KeychainSwift */ = {
			isa = XCSwiftPackageProductDependency;
			productName = KeychainSwift;
		};
		C3162DFB2C87643C0067CF04 /* CryptoSwift */ = {
			isa = XCSwiftPackageProductDependency;
			productName = CryptoSwift;
		};
		C3560CD72C9AADBA009C7EBA /* PostHog */ = {
			isa = XCSwiftPackageProductDependency;
			package = C3560CD32C9AACFB009C7EBA /* XCLocalSwiftPackageReference "../../Downloads/posthog-ios-main" */;
			productName = PostHog;
		};
		C357E5D02C877376003F9943 /* MenuBarExtraAccess */ = {
			isa = XCSwiftPackageProductDependency;
			productName = MenuBarExtraAccess;
		};
		C38562322C8719CB00858D54 /* GRDB */ = {
			isa = XCSwiftPackageProductDependency;
			productName = GRDB;
		};
/* End XCSwiftPackageProductDependency section */
	};
	rootObject = C325D0CC2C85A95F0049EFC8 /* Project object */;
}
